# This file is automatically @generated by Cargo.
# It is not intended for manual editing.
version = 4

[[package]]
name = "fleet-admin"
version = "0.1.0"
dependencies = [
 "fleet-client",
 "fleet-core",
]

[[package]]
name = "fleet-auth"
version = "0.1.0"

[[package]]
name = "fleet-cli"
version = "0.1.0"
dependencies = [
 "fleet-client",
 "fleet-core",
]

[[package]]
name = "fleet-client"
version = "0.1.0"
dependencies = [
 "fleet-core",
]

[[package]]
name = "fleet-core"
version = "0.1.0"

[[package]]
name = "fleet-engine"
version = "0.1.0"
dependencies = [
 "fleet-core",
]

[[package]]
name = "fleet-server"
version = "0.1.0"
dependencies = [
 "fleet-auth",
 "fleet-client",
 "fleet-core",
 "fleet-engine",
]
